
Microsoft Visual Studio Solution File, Format Version 12.00
# Visual Studio Version 16
VisualStudioVersion = 16.0.30804.86
MinimumVisualStudioVersion = 10.0.40219.1
Project("{9A19103F-16F7-4668-BE54-9A1E7A4F7556}") = "AUTHENTICATIONService", "AUTHENTICATIONService\AUTHENTICATIONService.csproj", "{0B22CF66-28E5-41C9-AE60-0C49091E1C07}"
EndProject
Project("{9A19103F-16F7-4668-BE54-9A1E7A4F7556}") = "BlogAPI", "BlogAPI\BlogAPI.csproj", "{2CC385C2-3676-4B79-B3FB-3F5CD4628712}"
EndProject
Project("{9A19103F-16F7-4668-BE54-9A1E7A4F7556}") = "Config", "Config\Config.csproj", "{03FF4AA2-647C-4AD8-9ED0-FC2BDDC2D701}"
EndProject
Project("{9A19103F-16F7-4668-BE54-9A1E7A4F7556}") = "DataBaseStaff", "DataBaseStaff\DataBaseStaff.csproj", "{F30E456E-78A1-42CE-A8D0-EDFDDB69234A}"
EndProject
Project("{FAE04EC0-301F-11D3-BF4B-00C04F79EFBC}") = "WpfApp1", "WpfApp1\WpfApp1.csproj", "{CB7279F0-A08A-4CD7-81A5-B1C4D8A340C3}"
EndProject
Project("{2150E333-8FDC-42A3-9474-1A3956D46DE8}") = "Solution Items", "Solution Items", "{238E17C8-9200-454D-99AA-C70791F1C693}"
	ProjectSection(SolutionItems) = preProject
		.gitignore = .gitignore
	EndProjectSection
EndProject
Global
	GlobalSection(SolutionConfigurationPlatforms) = preSolution
		Debug|Any CPU = Debug|Any CPU
		Release|Any CPU = Release|Any CPU
	EndGlobalSection
	GlobalSection(ProjectConfigurationPlatforms) = postSolution
		{0B22CF66-28E5-41C9-AE60-0C49091E1C07}.Debug|Any CPU.ActiveCfg = Debug|Any CPU
		{0B22CF66-28E5-41C9-AE60-0C49091E1C07}.Debug|Any CPU.Build.0 = Debug|Any CPU
		{0B22CF66-28E5-41C9-AE60-0C49091E1C07}.Release|Any CPU.ActiveCfg = Release|Any CPU
		{0B22CF66-28E5-41C9-AE60-0C49091E1C07}.Release|Any CPU.Build.0 = Release|Any CPU
		{2CC385C2-3676-4B79-B3FB-3F5CD4628712}.Debug|Any CPU.ActiveCfg = Debug|Any CPU
		{2CC385C2-3676-4B79-B3FB-3F5CD4628712}.Debug|Any CPU.Build.0 = Debug|Any CPU
		{2CC385C2-3676-4B79-B3FB-3F5CD4628712}.Release|Any CPU.ActiveCfg = Release|Any CPU
		{2CC385C2-3676-4B79-B3FB-3F5CD4628712}.Release|Any CPU.Build.0 = Release|Any CPU
		{03FF4AA2-647C-4AD8-9ED0-FC2BDDC2D701}.Debug|Any CPU.ActiveCfg = Debug|Any CPU
		{03FF4AA2-647C-4AD8-9ED0-FC2BDDC2D701}.Debug|Any CPU.Build.0 = Debug|Any CPU
		{03FF4AA2-647C-4AD8-9ED0-FC2BDDC2D701}.Release|Any CPU.ActiveCfg = Release|Any CPU
		{03FF4AA2-647C-4AD8-9ED0-FC2BDDC2D701}.Release|Any CPU.Build.0 = Release|Any CPU
		{F30E456E-78A1-42CE-A8D0-EDFDDB69234A}.Debug|Any CPU.ActiveCfg = Debug|Any CPU
		{F30E456E-78A1-42CE-A8D0-EDFDDB69234A}.Debug|Any CPU.Build.0 = Debug|Any CPU
		{F30E456E-78A1-42CE-A8D0-EDFDDB69234A}.Release|Any CPU.ActiveCfg = Release|Any CPU
		{F30E456E-78A1-42CE-A8D0-EDFDDB69234A}.Release|Any CPU.Build.0 = Release|Any CPU
		{CB7279F0-A08A-4CD7-81A5-B1C4D8A340C3}.Debug|Any CPU.ActiveCfg = Debug|Any CPU
		{CB7279F0-A08A-4CD7-81A5-B1C4D8A340C3}.Debug|Any CPU.Build.0 = Debug|Any CPU
		{CB7279F0-A08A-4CD7-81A5-B1C4D8A340C3}.Release|Any CPU.ActiveCfg = Release|Any CPU
		{CB7279F0-A08A-4CD7-81A5-B1C4D8A340C3}.Release|Any CPU.Build.0 = Release|Any CPU
	EndGlobalSection
	GlobalSection(SolutionProperties) = preSolution
		HideSolutionNode = FALSE
	EndGlobalSection
	GlobalSection(ExtensibilityGlobals) = postSolution
		SolutionGuid = {BC2E48DA-1CA3-4A07-9049-5CCECAC07E02}
	EndGlobalSection
EndGlobal
